<?xml version="1.0" encoding="utf-8"?>
<Project ToolsVersion="4.0" xmlns="http://schemas.microsoft.com/developer/msbuild/2003">
  <ItemGroup>
    <Filter Include="Quelldateien">
      <UniqueIdentifier>{4FC737F1-C7A5-4376-A066-2A32D752A2FF}</UniqueIdentifier>
      <Extensions>cpp;c;cc;cxx;c++;cppm;ixx;def;odl;idl;hpj;bat;asm;asmx</Extensions>
    </Filter>
    <Filter Include="Headerdateien">
      <UniqueIdentifier>{93995380-89BD-4b04-88EB-625FBE52EBFB}</UniqueIdentifier>
      <Extensions>h;hh;hpp;hxx;h++;hm;inl;inc;ipp;xsd</Extensions>
    </Filter>
    <Filter Include="Ressourcendateien">
      <UniqueIdentifier>{67DA6AB6-F800-4c08-8B7A-83BB121AAD01}</UniqueIdentifier>
      <Extensions>rc;ico;cur;bmp;dlg;rc2;rct;bin;rgs;gif;jpg;jpeg;jpe;resx;tiff;tif;png;wav;mfcribbon-ms</Extensions>
    </Filter>
  </ItemGroup>
  <ItemGroup>
    <ClCompile Include="main.cpp">
      <Filter>Quelldateien</Filter>
    </ClCompile>
    <ClCompile Include="models\base_models\Cube.cpp">
      <Filter>Quelldateien</Filter>
    </ClCompile>
    <ClCompile Include="models\base_models\BaseShape.cpp">
      <Filter>Quelldateien</Filter>
    </ClCompile>
    <ClCompile Include="models\base_models\Sphere.cpp">
      <Filter>Quelldateien</Filter>
    </ClCompile>
    <ClCompile Include="models\base_models\Plain.cpp">
      <Filter>Quelldateien</Filter>
    </ClCompile>
    <ClCompile Include="util\cams\FlyCamera.cpp">
      <Filter>Quelldateien</Filter>
    </ClCompile>
    <ClCompile Include="models\SolarSystem.cpp">
      <Filter>Quelldateien</Filter>
    </ClCompile>
    <ClCompile Include="util\Texture.cpp">
      <Filter>Quelldateien</Filter>
    </ClCompile>
    <ClCompile Include="util\Shader.cpp">
      <Filter>Quelldateien</Filter>
    </ClCompile>
    <ClCompile Include="models\base_models\Cylinder.cpp">
      <Filter>Quelldateien</Filter>
    </ClCompile>
    <ClCompile Include="models\RoomWithLamp.cpp">
      <Filter>Quelldateien</Filter>
    </ClCompile>
    <ClCompile Include="models\Lamp.cpp">
      <Filter>Quelldateien</Filter>
    </ClCompile>
    <ClCompile Include="models\Room.cpp">
      <Filter>Quelldateien</Filter>
    </ClCompile>
    <ClCompile Include="util\cams\FixedCamera.cpp">
      <Filter>Quelldateien</Filter>
    </ClCompile>
  </ItemGroup>
  <ItemGroup>
    <None Include="shaders\roomWithLamp.fs" />
    <None Include="shaders\roomWithLamp.vs" />
    <None Include="shaders\solarSystem.vs" />
    <None Include="shaders\solarSystem.fs" />
  </ItemGroup>
  <ItemGroup>
    <ClInclude Include="models\base_models\Cube.h">
      <Filter>Headerdateien</Filter>
    </ClInclude>
    <ClInclude Include="models\base_models\BaseShape.h">
      <Filter>Headerdateien</Filter>
    </ClInclude>
    <ClInclude Include="models\base_models\Sphere.h">
      <Filter>Headerdateien</Filter>
    </ClInclude>
    <ClInclude Include="models\base_models\Plain.h">
      <Filter>Headerdateien</Filter>
    </ClInclude>
    <ClInclude Include="util\cams\FlyCamera.h">
      <Filter>Headerdateien</Filter>
    </ClInclude>
    <ClInclude Include="models\SolarSystem.h">
      <Filter>Headerdateien</Filter>
    </ClInclude>
    <ClInclude Include="util\Texture.h">
      <Filter>Headerdateien</Filter>
    </ClInclude>
    <ClInclude Include="util\Shader.h">
      <Filter>Headerdateien</Filter>
    </ClInclude>
    <ClInclude Include="models\base_models\Cylinder.h">
      <Filter>Headerdateien</Filter>
    </ClInclude>
    <ClInclude Include="models\RoomWithLamp.h">
      <Filter>Headerdateien</Filter>
    </ClInclude>
    <ClInclude Include="models\Lamp.h">
      <Filter>Headerdateien</Filter>
    </ClInclude>
    <ClInclude Include="models\AbstractShape.h">
      <Filter>Headerdateien</Filter>
    </ClInclude>
    <ClInclude Include="models\AnimatedAbstractShape.h">
      <Filter>Headerdateien</Filter>
    </ClInclude>
    <ClInclude Include="models\Room.h">
      <Filter>Headerdateien</Filter>
    </ClInclude>
    <ClInclude Include="util\cams\FixedCamera.h">
      <Filter>Headerdateien</Filter>
    </ClInclude>
    <ClInclude Include="util\cams\AbstractCamera.h">
      <Filter>Headerdateien</Filter>
    </ClInclude>
  </ItemGroup>
  <ItemGroup>
    <Image Include="textures\earth.jpg">
      <Filter>Ressourcendateien</Filter>
    </Image>
    <Image Include="textures\jupiter.jpg">
      <Filter>Ressourcendateien</Filter>
    </Image>
    <Image Include="textures\mars.jpg">
      <Filter>Ressourcendateien</Filter>
    </Image>
    <Image Include="textures\mercury.jpg">
      <Filter>Ressourcendateien</Filter>
    </Image>
    <Image Include="textures\neptune.jpg">
      <Filter>Ressourcendateien</Filter>
    </Image>
    <Image Include="textures\saturn.jpg">
      <Filter>Ressourcendateien</Filter>
    </Image>
    <Image Include="textures\sun.jpg">
      <Filter>Ressourcendateien</Filter>
    </Image>
    <Image Include="textures\uranus.jpg">
      <Filter>Ressourcendateien</Filter>
    </Image>
    <Image Include="textures\venus.jpg">
      <Filter>Ressourcendateien</Filter>
    </Image>
    <Image Include="textures\wood.jpg">
      <Filter>Ressourcendateien</Filter>
    </Image>
    <Image Include="textures\metal.jpg">
      <Filter>Ressourcendateien</Filter>
    </Image>
    <Image Include="textures\light.jpg">
      <Filter>Ressourcendateien</Filter>
    </Image>
    <Image Include="textures\wall.jpg">
      <Filter>Ressourcendateien</Filter>
    </Image>
  </ItemGroup>
</Project>